// !$*UTF8*$!
{
	archiveVersion = 1;
	classes = {
	};
	objectVersion = 56;
	objects = {

/* Begin PBXBuildFile section */
		E65420D22BD8C6A700EDADB4 /* ScreenSizingHelpers.swift in Sources */ = {isa = PBXBuildFile; fileRef = E65420D12BD8C6A700EDADB4 /* ScreenSizingHelpers.swift */; };
		E65420DA2BD8D0BF00EDADB4 /* ShareViewController.swift in Sources */ = {isa = PBXBuildFile; fileRef = E65420D92BD8D0BF00EDADB4 /* ShareViewController.swift */; };
		E65420E12BD8D0BF00EDADB4 /* ReportItShareExtension.appex in Embed Foundation Extensions */ = {isa = PBXBuildFile; fileRef = E65420D72BD8D0BF00EDADB4 /* ReportItShareExtension.appex */; settings = {ATTRIBUTES = (RemoveHeadersOnCopy, ); }; };
		E65420E72BD8DBD800EDADB4 /* BugSubmissionView.swift in Sources */ = {isa = PBXBuildFile; fileRef = E67D27A52BBF0858006E8CD4 /* BugSubmissionView.swift */; };
		E65420E82BD8DE7800EDADB4 /* BugSubmissionViewModel.swift in Sources */ = {isa = PBXBuildFile; fileRef = E67D27B22BBF26C5006E8CD4 /* BugSubmissionViewModel.swift */; };
		E65420EB2BD8DEB100EDADB4 /* bug-api in Frameworks */ = {isa = PBXBuildFile; productRef = E65420EA2BD8DEB100EDADB4 /* bug-api */; };
		E65420EC2BD8DED000EDADB4 /* Bug.swift in Sources */ = {isa = PBXBuildFile; fileRef = E67D27A72BBF0A15006E8CD4 /* Bug.swift */; };
		E65420ED2BD8DEDB00EDADB4 /* ScreenSizingHelpers.swift in Sources */ = {isa = PBXBuildFile; fileRef = E65420D12BD8C6A700EDADB4 /* ScreenSizingHelpers.swift */; };
		E65420EE2BD8DEE400EDADB4 /* ImagePicker.swift in Sources */ = {isa = PBXBuildFile; fileRef = E67D27A92BBF0FA3006E8CD4 /* ImagePicker.swift */; };
		E65420F42BD8E96200EDADB4 /* GoogleService-Info.plist in Resources */ = {isa = PBXBuildFile; fileRef = E65420F32BD8E96200EDADB4 /* GoogleService-Info.plist */; };
		E65420FB2BD90D1D00EDADB4 /* WidgetKit.framework in Frameworks */ = {isa = PBXBuildFile; fileRef = E65420FA2BD90D1D00EDADB4 /* WidgetKit.framework */; };
		E65420FD2BD90D1D00EDADB4 /* SwiftUI.framework in Frameworks */ = {isa = PBXBuildFile; fileRef = E65420FC2BD90D1D00EDADB4 /* SwiftUI.framework */; };
		E65421002BD90D1D00EDADB4 /* ReportItWidgetExtensionBundle.swift in Sources */ = {isa = PBXBuildFile; fileRef = E65420FF2BD90D1D00EDADB4 /* ReportItWidgetExtensionBundle.swift */; };
		E65421022BD90D1D00EDADB4 /* ReportItWidgetExtension.swift in Sources */ = {isa = PBXBuildFile; fileRef = E65421012BD90D1D00EDADB4 /* ReportItWidgetExtension.swift */; };
		E65421042BD90D1F00EDADB4 /* Assets.xcassets in Resources */ = {isa = PBXBuildFile; fileRef = E65421032BD90D1F00EDADB4 /* Assets.xcassets */; };
		E65421082BD90D1F00EDADB4 /* ReportItWidgetExtensionExtension.appex in Embed Foundation Extensions */ = {isa = PBXBuildFile; fileRef = E65420F92BD90D1D00EDADB4 /* ReportItWidgetExtensionExtension.appex */; settings = {ATTRIBUTES = (RemoveHeadersOnCopy, ); }; };
		E67D27962BBF0768006E8CD4 /* ReportItApp.swift in Sources */ = {isa = PBXBuildFile; fileRef = E67D27952BBF0768006E8CD4 /* ReportItApp.swift */; };
		E67D27982BBF0768006E8CD4 /* ContentView.swift in Sources */ = {isa = PBXBuildFile; fileRef = E67D27972BBF0768006E8CD4 /* ContentView.swift */; };
		E67D279A2BBF076A006E8CD4 /* Assets.xcassets in Resources */ = {isa = PBXBuildFile; fileRef = E67D27992BBF076A006E8CD4 /* Assets.xcassets */; };
		E67D279D2BBF076A006E8CD4 /* Preview Assets.xcassets in Resources */ = {isa = PBXBuildFile; fileRef = E67D279C2BBF076A006E8CD4 /* Preview Assets.xcassets */; };
		E67D27A42BBF079B006E8CD4 /* WelcomingView.swift in Sources */ = {isa = PBXBuildFile; fileRef = E67D27A32BBF079B006E8CD4 /* WelcomingView.swift */; };
		E67D27A62BBF0858006E8CD4 /* BugSubmissionView.swift in Sources */ = {isa = PBXBuildFile; fileRef = E67D27A52BBF0858006E8CD4 /* BugSubmissionView.swift */; };
		E67D27A82BBF0A15006E8CD4 /* Bug.swift in Sources */ = {isa = PBXBuildFile; fileRef = E67D27A72BBF0A15006E8CD4 /* Bug.swift */; };
		E67D27AA2BBF0FA3006E8CD4 /* ImagePicker.swift in Sources */ = {isa = PBXBuildFile; fileRef = E67D27A92BBF0FA3006E8CD4 /* ImagePicker.swift */; };
		E67D27AD2BBF159A006E8CD4 /* bug-api in Frameworks */ = {isa = PBXBuildFile; productRef = E67D27AC2BBF159A006E8CD4 /* bug-api */; };
		E67D27B12BBF185D006E8CD4 /* GoogleService-Info.plist in Resources */ = {isa = PBXBuildFile; fileRef = E67D27B02BBF185D006E8CD4 /* GoogleService-Info.plist */; };
		E67D27B32BBF26C5006E8CD4 /* BugSubmissionViewModel.swift in Sources */ = {isa = PBXBuildFile; fileRef = E67D27B22BBF26C5006E8CD4 /* BugSubmissionViewModel.swift */; };
		E6B813A92BDA212400E60F4E /* LocalBugView.swift in Sources */ = {isa = PBXBuildFile; fileRef = E6B813A82BDA212400E60F4E /* LocalBugView.swift */; };
		E6B813AB2BDA21C000E60F4E /* HistoryView.swift in Sources */ = {isa = PBXBuildFile; fileRef = E6B813AA2BDA21C000E60F4E /* HistoryView.swift */; };
		E6B813AD2BDA2A4600E60F4E /* README.md in Resources */ = {isa = PBXBuildFile; fileRef = E6B813AC2BDA2A4600E60F4E /* README.md */; };
		E6B813AE2BDA2DCD00E60F4E /* BugsStore.xcdatamodeld in Sources */ = {isa = PBXBuildFile; fileRef = E6E5B7C52BDA0DDC00A81587 /* BugsStore.xcdatamodeld */; };
		E6E5B7BB2BD92EDC00A81587 /* bug-api in Frameworks */ = {isa = PBXBuildFile; productRef = E6E5B7BA2BD92EDC00A81587 /* bug-api */; };
		E6E5B7BF2BDA038A00A81587 /* BugSubmissionShareExtensionView.swift in Sources */ = {isa = PBXBuildFile; fileRef = E6E5B7BE2BDA038A00A81587 /* BugSubmissionShareExtensionView.swift */; };
		E6E5B7C22BDA0C5300A81587 /* LocalBug.swift in Sources */ = {isa = PBXBuildFile; fileRef = E6E5B7C12BDA0C5300A81587 /* LocalBug.swift */; };
		E6E5B7C42BDA0D0700A81587 /* BugsStore.swift in Sources */ = {isa = PBXBuildFile; fileRef = E6E5B7C32BDA0D0700A81587 /* BugsStore.swift */; };
		E6E5B7C72BDA0DDC00A81587 /* BugsStore.xcdatamodeld in Sources */ = {isa = PBXBuildFile; fileRef = E6E5B7C52BDA0DDC00A81587 /* BugsStore.xcdatamodeld */; };
		E6E5B7C92BDA0EE400A81587 /* CoreDataBugsStore.swift in Sources */ = {isa = PBXBuildFile; fileRef = E6E5B7C82BDA0EE400A81587 /* CoreDataBugsStore.swift */; };
		E6E5B7CB2BDA133900A81587 /* ManagedBug.swift in Sources */ = {isa = PBXBuildFile; fileRef = E6E5B7CA2BDA133900A81587 /* ManagedBug.swift */; };
		E6E5B7CC2BDA16B000A81587 /* LocalBug.swift in Sources */ = {isa = PBXBuildFile; fileRef = E6E5B7C12BDA0C5300A81587 /* LocalBug.swift */; };
		E6E5B7CD2BDA16B700A81587 /* CoreDataBugsStore.swift in Sources */ = {isa = PBXBuildFile; fileRef = E6E5B7C82BDA0EE400A81587 /* CoreDataBugsStore.swift */; };
		E6E5B7CE2BDA17A600A81587 /* BugsStore.swift in Sources */ = {isa = PBXBuildFile; fileRef = E6E5B7C32BDA0D0700A81587 /* BugsStore.swift */; };
		E6E5B7CF2BDA17B600A81587 /* ManagedBug.swift in Sources */ = {isa = PBXBuildFile; fileRef = E6E5B7CA2BDA133900A81587 /* ManagedBug.swift */; };
		E6E5B7D32BDA1F9800A81587 /* BugsHistoryViewModel.swift in Sources */ = {isa = PBXBuildFile; fileRef = E6E5B7D22BDA1F9800A81587 /* BugsHistoryViewModel.swift */; };
/* End PBXBuildFile section */

/* Begin PBXContainerItemProxy section */
		E65420DF2BD8D0BF00EDADB4 /* PBXContainerItemProxy */ = {
			isa = PBXContainerItemProxy;
			containerPortal = E67D278A2BBF0768006E8CD4 /* Project object */;
			proxyType = 1;
			remoteGlobalIDString = E65420D62BD8D0BF00EDADB4;
			remoteInfo = ReportItShareExtension;
		};
		E65421062BD90D1F00EDADB4 /* PBXContainerItemProxy */ = {
			isa = PBXContainerItemProxy;
			containerPortal = E67D278A2BBF0768006E8CD4 /* Project object */;
			proxyType = 1;
			remoteGlobalIDString = E65420F82BD90D1D00EDADB4;
			remoteInfo = ReportItWidgetExtensionExtension;
		};
/* End PBXContainerItemProxy section */

/* Begin PBXCopyFilesBuildPhase section */
		E65420E52BD8D0BF00EDADB4 /* Embed Foundation Extensions */ = {
			isa = PBXCopyFilesBuildPhase;
			buildActionMask = 2147483647;
			dstPath = "";
			dstSubfolderSpec = 13;
			files = (
				E65420E12BD8D0BF00EDADB4 /* ReportItShareExtension.appex in Embed Foundation Extensions */,
				E65421082BD90D1F00EDADB4 /* ReportItWidgetExtensionExtension.appex in Embed Foundation Extensions */,
			);
			name = "Embed Foundation Extensions";
			runOnlyForDeploymentPostprocessing = 0;
		};
/* End PBXCopyFilesBuildPhase section */

/* Begin PBXFileReference section */
		E65420D12BD8C6A700EDADB4 /* ScreenSizingHelpers.swift */ = {isa = PBXFileReference; lastKnownFileType = sourcecode.swift; path = ScreenSizingHelpers.swift; sourceTree = "<group>"; };
		E65420D72BD8D0BF00EDADB4 /* ReportItShareExtension.appex */ = {isa = PBXFileReference; explicitFileType = "wrapper.app-extension"; includeInIndex = 0; path = ReportItShareExtension.appex; sourceTree = BUILT_PRODUCTS_DIR; };
		E65420D92BD8D0BF00EDADB4 /* ShareViewController.swift */ = {isa = PBXFileReference; lastKnownFileType = sourcecode.swift; path = ShareViewController.swift; sourceTree = "<group>"; };
		E65420DE2BD8D0BF00EDADB4 /* Info.plist */ = {isa = PBXFileReference; lastKnownFileType = text.plist.xml; path = Info.plist; sourceTree = "<group>"; };
		E65420F32BD8E96200EDADB4 /* GoogleService-Info.plist */ = {isa = PBXFileReference; fileEncoding = 4; lastKnownFileType = text.plist.xml; path = "GoogleService-Info.plist"; sourceTree = "<group>"; };
		E65420F92BD90D1D00EDADB4 /* ReportItWidgetExtensionExtension.appex */ = {isa = PBXFileReference; explicitFileType = "wrapper.app-extension"; includeInIndex = 0; path = ReportItWidgetExtensionExtension.appex; sourceTree = BUILT_PRODUCTS_DIR; };
		E65420FA2BD90D1D00EDADB4 /* WidgetKit.framework */ = {isa = PBXFileReference; lastKnownFileType = wrapper.framework; name = WidgetKit.framework; path = System/Library/Frameworks/WidgetKit.framework; sourceTree = SDKROOT; };
		E65420FC2BD90D1D00EDADB4 /* SwiftUI.framework */ = {isa = PBXFileReference; lastKnownFileType = wrapper.framework; name = SwiftUI.framework; path = System/Library/Frameworks/SwiftUI.framework; sourceTree = SDKROOT; };
		E65420FF2BD90D1D00EDADB4 /* ReportItWidgetExtensionBundle.swift */ = {isa = PBXFileReference; lastKnownFileType = sourcecode.swift; path = ReportItWidgetExtensionBundle.swift; sourceTree = "<group>"; };
		E65421012BD90D1D00EDADB4 /* ReportItWidgetExtension.swift */ = {isa = PBXFileReference; lastKnownFileType = sourcecode.swift; path = ReportItWidgetExtension.swift; sourceTree = "<group>"; };
		E65421032BD90D1F00EDADB4 /* Assets.xcassets */ = {isa = PBXFileReference; lastKnownFileType = folder.assetcatalog; path = Assets.xcassets; sourceTree = "<group>"; };
		E65421052BD90D1F00EDADB4 /* Info.plist */ = {isa = PBXFileReference; lastKnownFileType = text.plist.xml; path = Info.plist; sourceTree = "<group>"; };
		E67D27922BBF0768006E8CD4 /* ReportIt.app */ = {isa = PBXFileReference; explicitFileType = wrapper.application; includeInIndex = 0; path = ReportIt.app; sourceTree = BUILT_PRODUCTS_DIR; };
		E67D27952BBF0768006E8CD4 /* ReportItApp.swift */ = {isa = PBXFileReference; lastKnownFileType = sourcecode.swift; path = ReportItApp.swift; sourceTree = "<group>"; };
		E67D27972BBF0768006E8CD4 /* ContentView.swift */ = {isa = PBXFileReference; lastKnownFileType = sourcecode.swift; path = ContentView.swift; sourceTree = "<group>"; };
		E67D27992BBF076A006E8CD4 /* Assets.xcassets */ = {isa = PBXFileReference; lastKnownFileType = folder.assetcatalog; path = Assets.xcassets; sourceTree = "<group>"; };
		E67D279C2BBF076A006E8CD4 /* Preview Assets.xcassets */ = {isa = PBXFileReference; lastKnownFileType = folder.assetcatalog; path = "Preview Assets.xcassets"; sourceTree = "<group>"; };
		E67D27A32BBF079B006E8CD4 /* WelcomingView.swift */ = {isa = PBXFileReference; lastKnownFileType = sourcecode.swift; path = WelcomingView.swift; sourceTree = "<group>"; };
		E67D27A52BBF0858006E8CD4 /* BugSubmissionView.swift */ = {isa = PBXFileReference; lastKnownFileType = sourcecode.swift; path = BugSubmissionView.swift; sourceTree = "<group>"; };
		E67D27A72BBF0A15006E8CD4 /* Bug.swift */ = {isa = PBXFileReference; lastKnownFileType = sourcecode.swift; path = Bug.swift; sourceTree = "<group>"; };
		E67D27A92BBF0FA3006E8CD4 /* ImagePicker.swift */ = {isa = PBXFileReference; lastKnownFileType = sourcecode.swift; path = ImagePicker.swift; sourceTree = "<group>"; };
		E67D27B02BBF185D006E8CD4 /* GoogleService-Info.plist */ = {isa = PBXFileReference; fileEncoding = 4; lastKnownFileType = text.plist.xml; path = "GoogleService-Info.plist"; sourceTree = "<group>"; };
		E67D27B22BBF26C5006E8CD4 /* BugSubmissionViewModel.swift */ = {isa = PBXFileReference; lastKnownFileType = sourcecode.swift; path = BugSubmissionViewModel.swift; sourceTree = "<group>"; };
		E6B813A82BDA212400E60F4E /* LocalBugView.swift */ = {isa = PBXFileReference; lastKnownFileType = sourcecode.swift; path = LocalBugView.swift; sourceTree = "<group>"; };
		E6B813AA2BDA21C000E60F4E /* HistoryView.swift */ = {isa = PBXFileReference; lastKnownFileType = sourcecode.swift; path = HistoryView.swift; sourceTree = "<group>"; };
		E6B813AC2BDA2A4600E60F4E /* README.md */ = {isa = PBXFileReference; lastKnownFileType = net.daringfireball.markdown; path = README.md; sourceTree = "<group>"; };
		E6E5B7BE2BDA038A00A81587 /* BugSubmissionShareExtensionView.swift */ = {isa = PBXFileReference; lastKnownFileType = sourcecode.swift; path = BugSubmissionShareExtensionView.swift; sourceTree = "<group>"; };
		E6E5B7C12BDA0C5300A81587 /* LocalBug.swift */ = {isa = PBXFileReference; lastKnownFileType = sourcecode.swift; path = LocalBug.swift; sourceTree = "<group>"; };
		E6E5B7C32BDA0D0700A81587 /* BugsStore.swift */ = {isa = PBXFileReference; lastKnownFileType = sourcecode.swift; path = BugsStore.swift; sourceTree = "<group>"; };
		E6E5B7C62BDA0DDC00A81587 /* BugsStore.xcdatamodel */ = {isa = PBXFileReference; lastKnownFileType = wrapper.xcdatamodel; path = BugsStore.xcdatamodel; sourceTree = "<group>"; };
		E6E5B7C82BDA0EE400A81587 /* CoreDataBugsStore.swift */ = {isa = PBXFileReference; lastKnownFileType = sourcecode.swift; path = CoreDataBugsStore.swift; sourceTree = "<group>"; };
		E6E5B7CA2BDA133900A81587 /* ManagedBug.swift */ = {isa = PBXFileReference; lastKnownFileType = sourcecode.swift; path = ManagedBug.swift; sourceTree = "<group>"; };
		E6E5B7D22BDA1F9800A81587 /* BugsHistoryViewModel.swift */ = {isa = PBXFileReference; lastKnownFileType = sourcecode.swift; path = BugsHistoryViewModel.swift; sourceTree = "<group>"; };
/* End PBXFileReference section */

/* Begin PBXFrameworksBuildPhase section */
		E65420D42BD8D0BF00EDADB4 /* Frameworks */ = {
			isa = PBXFrameworksBuildPhase;
			buildActionMask = 2147483647;
			files = (
				E65420EB2BD8DEB100EDADB4 /* bug-api in Frameworks */,
			);
			runOnlyForDeploymentPostprocessing = 0;
		};
		E65420F62BD90D1D00EDADB4 /* Frameworks */ = {
			isa = PBXFrameworksBuildPhase;
			buildActionMask = 2147483647;
			files = (
				E6E5B7BB2BD92EDC00A81587 /* bug-api in Frameworks */,
				E65420FD2BD90D1D00EDADB4 /* SwiftUI.framework in Frameworks */,
				E65420FB2BD90D1D00EDADB4 /* WidgetKit.framework in Frameworks */,
			);
			runOnlyForDeploymentPostprocessing = 0;
		};
		E67D278F2BBF0768006E8CD4 /* Frameworks */ = {
			isa = PBXFrameworksBuildPhase;
			buildActionMask = 2147483647;
			files = (
				E67D27AD2BBF159A006E8CD4 /* bug-api in Frameworks */,
			);
			runOnlyForDeploymentPostprocessing = 0;
		};
/* End PBXFrameworksBuildPhase section */

/* Begin PBXGroup section */
		E65420D82BD8D0BF00EDADB4 /* ReportItShareExtension */ = {
			isa = PBXGroup;
			children = (
				E65420D92BD8D0BF00EDADB4 /* ShareViewController.swift */,
				E6E5B7BE2BDA038A00A81587 /* BugSubmissionShareExtensionView.swift */,
				E65420DE2BD8D0BF00EDADB4 /* Info.plist */,
				E65420F32BD8E96200EDADB4 /* GoogleService-Info.plist */,
			);
			path = ReportItShareExtension;
			sourceTree = "<group>";
		};
		E65420E92BD8DEB100EDADB4 /* Frameworks */ = {
			isa = PBXGroup;
			children = (
				E65420FA2BD90D1D00EDADB4 /* WidgetKit.framework */,
				E65420FC2BD90D1D00EDADB4 /* SwiftUI.framework */,
			);
			name = Frameworks;
			sourceTree = "<group>";
		};
		E65420FE2BD90D1D00EDADB4 /* ReportItWidgetExtension */ = {
			isa = PBXGroup;
			children = (
				E65420FF2BD90D1D00EDADB4 /* ReportItWidgetExtensionBundle.swift */,
				E65421012BD90D1D00EDADB4 /* ReportItWidgetExtension.swift */,
				E65421032BD90D1F00EDADB4 /* Assets.xcassets */,
				E65421052BD90D1F00EDADB4 /* Info.plist */,
			);
			path = ReportItWidgetExtension;
			sourceTree = "<group>";
		};
		E67D27892BBF0768006E8CD4 = {
			isa = PBXGroup;
			children = (
				E6B813AC2BDA2A4600E60F4E /* README.md */,
				E67D27942BBF0768006E8CD4 /* ReportIt */,
				E65420D82BD8D0BF00EDADB4 /* ReportItShareExtension */,
				E65420FE2BD90D1D00EDADB4 /* ReportItWidgetExtension */,
				E67D27932BBF0768006E8CD4 /* Products */,
				E65420E92BD8DEB100EDADB4 /* Frameworks */,
			);
			sourceTree = "<group>";
		};
		E67D27932BBF0768006E8CD4 /* Products */ = {
			isa = PBXGroup;
			children = (
				E67D27922BBF0768006E8CD4 /* ReportIt.app */,
				E65420D72BD8D0BF00EDADB4 /* ReportItShareExtension.appex */,
				E65420F92BD90D1D00EDADB4 /* ReportItWidgetExtensionExtension.appex */,
			);
			name = Products;
			sourceTree = "<group>";
		};
		E67D27942BBF0768006E8CD4 /* ReportIt */ = {
			isa = PBXGroup;
			children = (
				E67D27B02BBF185D006E8CD4 /* GoogleService-Info.plist */,
				E67D27952BBF0768006E8CD4 /* ReportItApp.swift */,
				E67D27972BBF0768006E8CD4 /* ContentView.swift */,
				E67D27A32BBF079B006E8CD4 /* WelcomingView.swift */,
				E6E5B7D22BDA1F9800A81587 /* BugsHistoryViewModel.swift */,
				E6B813A82BDA212400E60F4E /* LocalBugView.swift */,
				E6B813AA2BDA21C000E60F4E /* HistoryView.swift */,
				E6E5B7C02BDA0BB000A81587 /* Bugs Cache */,
				E67D27B42BBF284A006E8CD4 /* BugSubmission */,
				E67D27992BBF076A006E8CD4 /* Assets.xcassets */,
				E67D279B2BBF076A006E8CD4 /* Preview Content */,
			);
			path = ReportIt;
			sourceTree = "<group>";
		};
		E67D279B2BBF076A006E8CD4 /* Preview Content */ = {
			isa = PBXGroup;
			children = (
				E67D279C2BBF076A006E8CD4 /* Preview Assets.xcassets */,
			);
			path = "Preview Content";
			sourceTree = "<group>";
		};
		E67D27B42BBF284A006E8CD4 /* BugSubmission */ = {
			isa = PBXGroup;
			children = (
				E67D27A52BBF0858006E8CD4 /* BugSubmissionView.swift */,
				E67D27B22BBF26C5006E8CD4 /* BugSubmissionViewModel.swift */,
				E67D27A72BBF0A15006E8CD4 /* Bug.swift */,
				E67D27B52BBF2865006E8CD4 /* Helpers */,
			);
			path = BugSubmission;
			sourceTree = "<group>";
		};
		E67D27B52BBF2865006E8CD4 /* Helpers */ = {
			isa = PBXGroup;
			children = (
				E67D27A92BBF0FA3006E8CD4 /* ImagePicker.swift */,
				E65420D12BD8C6A700EDADB4 /* ScreenSizingHelpers.swift */,
			);
			path = Helpers;
			sourceTree = "<group>";
		};
		E6E5B7C02BDA0BB000A81587 /* Bugs Cache */ = {
			isa = PBXGroup;
			children = (
				E6E5B7C12BDA0C5300A81587 /* LocalBug.swift */,
				E6E5B7C32BDA0D0700A81587 /* BugsStore.swift */,
				E6E5B7C82BDA0EE400A81587 /* CoreDataBugsStore.swift */,
				E6E5B7CA2BDA133900A81587 /* ManagedBug.swift */,
				E6E5B7C52BDA0DDC00A81587 /* BugsStore.xcdatamodeld */,
			);
			path = "Bugs Cache";
			sourceTree = "<group>";
		};
/* End PBXGroup section */

/* Begin PBXNativeTarget section */
		E65420D62BD8D0BF00EDADB4 /* ReportItShareExtension */ = {
			isa = PBXNativeTarget;
			buildConfigurationList = E65420E22BD8D0BF00EDADB4 /* Build configuration list for PBXNativeTarget "ReportItShareExtension" */;
			buildPhases = (
				E65420D32BD8D0BF00EDADB4 /* Sources */,
				E65420D42BD8D0BF00EDADB4 /* Frameworks */,
				E65420D52BD8D0BF00EDADB4 /* Resources */,
			);
			buildRules = (
			);
			dependencies = (
			);
			name = ReportItShareExtension;
			packageProductDependencies = (
				E65420EA2BD8DEB100EDADB4 /* bug-api */,
			);
			productName = ReportItShareExtension;
			productReference = E65420D72BD8D0BF00EDADB4 /* ReportItShareExtension.appex */;
			productType = "com.apple.product-type.app-extension";
		};
		E65420F82BD90D1D00EDADB4 /* ReportItWidgetExtensionExtension */ = {
			isa = PBXNativeTarget;
			buildConfigurationList = E65421092BD90D1F00EDADB4 /* Build configuration list for PBXNativeTarget "ReportItWidgetExtensionExtension" */;
			buildPhases = (
				E65420F52BD90D1D00EDADB4 /* Sources */,
				E65420F62BD90D1D00EDADB4 /* Frameworks */,
				E65420F72BD90D1D00EDADB4 /* Resources */,
			);
			buildRules = (
			);
			dependencies = (
			);
			name = ReportItWidgetExtensionExtension;
			packageProductDependencies = (
				E6E5B7BA2BD92EDC00A81587 /* bug-api */,
			);
			productName = ReportItWidgetExtensionExtension;
			productReference = E65420F92BD90D1D00EDADB4 /* ReportItWidgetExtensionExtension.appex */;
			productType = "com.apple.product-type.app-extension";
		};
		E67D27912BBF0768006E8CD4 /* ReportIt */ = {
			isa = PBXNativeTarget;
			buildConfigurationList = E67D27A02BBF076A006E8CD4 /* Build configuration list for PBXNativeTarget "ReportIt" */;
			buildPhases = (
				E67D278E2BBF0768006E8CD4 /* Sources */,
				E67D278F2BBF0768006E8CD4 /* Frameworks */,
				E67D27902BBF0768006E8CD4 /* Resources */,
				E65420E52BD8D0BF00EDADB4 /* Embed Foundation Extensions */,
			);
			buildRules = (
			);
			dependencies = (
				E65420E02BD8D0BF00EDADB4 /* PBXTargetDependency */,
				E65421072BD90D1F00EDADB4 /* PBXTargetDependency */,
			);
			name = ReportIt;
			packageProductDependencies = (
				E67D27AC2BBF159A006E8CD4 /* bug-api */,
			);
			productName = ReportIt;
			productReference = E67D27922BBF0768006E8CD4 /* ReportIt.app */;
			productType = "com.apple.product-type.application";
		};
/* End PBXNativeTarget section */

/* Begin PBXProject section */
		E67D278A2BBF0768006E8CD4 /* Project object */ = {
			isa = PBXProject;
			attributes = {
				BuildIndependentTargetsInParallel = 1;
				LastSwiftUpdateCheck = 1530;
				LastUpgradeCheck = 1530;
				TargetAttributes = {
					E65420D62BD8D0BF00EDADB4 = {
						CreatedOnToolsVersion = 15.3;
					};
					E65420F82BD90D1D00EDADB4 = {
						CreatedOnToolsVersion = 15.3;
					};
					E67D27912BBF0768006E8CD4 = {
						CreatedOnToolsVersion = 15.3;
					};
				};
			};
			buildConfigurationList = E67D278D2BBF0768006E8CD4 /* Build configuration list for PBXProject "ReportIt" */;
			compatibilityVersion = "Xcode 14.0";
			developmentRegion = en;
			hasScannedForEncodings = 0;
			knownRegions = (
				en,
				Base,
			);
			mainGroup = E67D27892BBF0768006E8CD4;
			packageReferences = (
				E67D27AB2BBF159A006E8CD4 /* XCRemoteSwiftPackageReference "bug-api" */,
			);
			productRefGroup = E67D27932BBF0768006E8CD4 /* Products */;
			projectDirPath = "";
			projectRoot = "";
			targets = (
				E67D27912BBF0768006E8CD4 /* ReportIt */,
				E65420D62BD8D0BF00EDADB4 /* ReportItShareExtension */,
				E65420F82BD90D1D00EDADB4 /* ReportItWidgetExtensionExtension */,
			);
		};
/* End PBXProject section */

/* Begin PBXResourcesBuildPhase section */
		E65420D52BD8D0BF00EDADB4 /* Resources */ = {
			isa = PBXResourcesBuildPhase;
			buildActionMask = 2147483647;
			files = (
				E65420F42BD8E96200EDADB4 /* GoogleService-Info.plist in Resources */,
			);
			runOnlyForDeploymentPostprocessing = 0;
		};
		E65420F72BD90D1D00EDADB4 /* Resources */ = {
			isa = PBXResourcesBuildPhase;
			buildActionMask = 2147483647;
			files = (
				E65421042BD90D1F00EDADB4 /* Assets.xcassets in Resources */,
			);
			runOnlyForDeploymentPostprocessing = 0;
		};
		E67D27902BBF0768006E8CD4 /* Resources */ = {
			isa = PBXResourcesBuildPhase;
			buildActionMask = 2147483647;
			files = (
				E67D279D2BBF076A006E8CD4 /* Preview Assets.xcassets in Resources */,
				E67D279A2BBF076A006E8CD4 /* Assets.xcassets in Resources */,
				E6B813AD2BDA2A4600E60F4E /* README.md in Resources */,
				E67D27B12BBF185D006E8CD4 /* GoogleService-Info.plist in Resources */,
			);
			runOnlyForDeploymentPostprocessing = 0;
		};
/* End PBXResourcesBuildPhase section */

/* Begin PBXSourcesBuildPhase section */
		E65420D32BD8D0BF00EDADB4 /* Sources */ = {
			isa = PBXSourcesBuildPhase;
			buildActionMask = 2147483647;
			files = (
				E65420DA2BD8D0BF00EDADB4 /* ShareViewController.swift in Sources */,
				E65420E72BD8DBD800EDADB4 /* BugSubmissionView.swift in Sources */,
				E6E5B7CC2BDA16B000A81587 /* LocalBug.swift in Sources */,
				E65420ED2BD8DEDB00EDADB4 /* ScreenSizingHelpers.swift in Sources */,
				E6B813AE2BDA2DCD00E60F4E /* BugsStore.xcdatamodeld in Sources */,
				E65420EE2BD8DEE400EDADB4 /* ImagePicker.swift in Sources */,
				E65420EC2BD8DED000EDADB4 /* Bug.swift in Sources */,
				E6E5B7CF2BDA17B600A81587 /* ManagedBug.swift in Sources */,
				E6E5B7BF2BDA038A00A81587 /* BugSubmissionShareExtensionView.swift in Sources */,
				E65420E82BD8DE7800EDADB4 /* BugSubmissionViewModel.swift in Sources */,
				E6E5B7CE2BDA17A600A81587 /* BugsStore.swift in Sources */,
				E6E5B7CD2BDA16B700A81587 /* CoreDataBugsStore.swift in Sources */,
			);
			runOnlyForDeploymentPostprocessing = 0;
		};
		E65420F52BD90D1D00EDADB4 /* Sources */ = {
			isa = PBXSourcesBuildPhase;
			buildActionMask = 2147483647;
			files = (
				E65421022BD90D1D00EDADB4 /* ReportItWidgetExtension.swift in Sources */,
				E65421002BD90D1D00EDADB4 /* ReportItWidgetExtensionBundle.swift in Sources */,
			);
			runOnlyForDeploymentPostprocessing = 0;
		};
		E67D278E2BBF0768006E8CD4 /* Sources */ = {
			isa = PBXSourcesBuildPhase;
			buildActionMask = 2147483647;
			files = (
				E6B813A92BDA212400E60F4E /* LocalBugView.swift in Sources */,
				E6E5B7D32BDA1F9800A81587 /* BugsHistoryViewModel.swift in Sources */,
				E6E5B7CB2BDA133900A81587 /* ManagedBug.swift in Sources */,
				E6E5B7C22BDA0C5300A81587 /* LocalBug.swift in Sources */,
				E67D27A42BBF079B006E8CD4 /* WelcomingView.swift in Sources */,
				E67D27982BBF0768006E8CD4 /* ContentView.swift in Sources */,
				E67D27B32BBF26C5006E8CD4 /* BugSubmissionViewModel.swift in Sources */,
				E65420D22BD8C6A700EDADB4 /* ScreenSizingHelpers.swift in Sources */,
				E67D27962BBF0768006E8CD4 /* ReportItApp.swift in Sources */,
				E6B813AB2BDA21C000E60F4E /* HistoryView.swift in Sources */,
				E67D27AA2BBF0FA3006E8CD4 /* ImagePicker.swift in Sources */,
				E67D27A62BBF0858006E8CD4 /* BugSubmissionView.swift in Sources */,
				E6E5B7C42BDA0D0700A81587 /* BugsStore.swift in Sources */,
				E67D27A82BBF0A15006E8CD4 /* Bug.swift in Sources */,
				E6E5B7C72BDA0DDC00A81587 /* BugsStore.xcdatamodeld in Sources */,
				E6E5B7C92BDA0EE400A81587 /* CoreDataBugsStore.swift in Sources */,
			);
			runOnlyForDeploymentPostprocessing = 0;
		};
/* End PBXSourcesBuildPhase section */

/* Begin PBXTargetDependency section */
		E65420E02BD8D0BF00EDADB4 /* PBXTargetDependency */ = {
			isa = PBXTargetDependency;
			target = E65420D62BD8D0BF00EDADB4 /* ReportItShareExtension */;
			targetProxy = E65420DF2BD8D0BF00EDADB4 /* PBXContainerItemProxy */;
		};
		E65421072BD90D1F00EDADB4 /* PBXTargetDependency */ = {
			isa = PBXTargetDependency;
			target = E65420F82BD90D1D00EDADB4 /* ReportItWidgetExtensionExtension */;
			targetProxy = E65421062BD90D1F00EDADB4 /* PBXContainerItemProxy */;
		};
/* End PBXTargetDependency section */

/* Begin XCBuildConfiguration section */
		E65420E32BD8D0BF00EDADB4 /* Debug */ = {
			isa = XCBuildConfiguration;
			buildSettings = {
				CODE_SIGN_STYLE = Automatic;
				CURRENT_PROJECT_VERSION = 1;
				DEVELOPMENT_TEAM = 448W6TL3PT;
				GENERATE_INFOPLIST_FILE = YES;
				INFOPLIST_FILE = ReportItShareExtension/Info.plist;
				INFOPLIST_KEY_CFBundleDisplayName = ReportItShareExtension;
				INFOPLIST_KEY_NSHumanReadableCopyright = "";
				LD_RUNPATH_SEARCH_PATHS = (
					"$(inherited)",
					"@executable_path/Frameworks",
					"@executable_path/../../Frameworks",
				);
				MARKETING_VERSION = 1.0;
				PRODUCT_BUNDLE_IDENTIFIER = com.dania.ReportIt.ReportItShareExtension;
				PRODUCT_NAME = "$(TARGET_NAME)";
				SKIP_INSTALL = YES;
				SWIFT_EMIT_LOC_STRINGS = YES;
				SWIFT_VERSION = 5.0;
				TARGETED_DEVICE_FAMILY = "1,2";
			};
			name = Debug;
		};
		E65420E42BD8D0BF00EDADB4 /* Release */ = {
			isa = XCBuildConfiguration;
			buildSettings = {
				CODE_SIGN_STYLE = Automatic;
				CURRENT_PROJECT_VERSION = 1;
				DEVELOPMENT_TEAM = 448W6TL3PT;
				GENERATE_INFOPLIST_FILE = YES;
				INFOPLIST_FILE = ReportItShareExtension/Info.plist;
				INFOPLIST_KEY_CFBundleDisplayName = ReportItShareExtension;
				INFOPLIST_KEY_NSHumanReadableCopyright = "";
				LD_RUNPATH_SEARCH_PATHS = (
					"$(inherited)",
					"@executable_path/Frameworks",
					"@executable_path/../../Frameworks",
				);
				MARKETING_VERSION = 1.0;
				PRODUCT_BUNDLE_IDENTIFIER = com.dania.ReportIt.ReportItShareExtension;
				PRODUCT_NAME = "$(TARGET_NAME)";
				SKIP_INSTALL = YES;
				SWIFT_EMIT_LOC_STRINGS = YES;
				SWIFT_VERSION = 5.0;
				TARGETED_DEVICE_FAMILY = "1,2";
			};
			name = Release;
		};
		E654210A2BD90D1F00EDADB4 /* Debug */ = {
			isa = XCBuildConfiguration;
			buildSettings = {
				ASSETCATALOG_COMPILER_GLOBAL_ACCENT_COLOR_NAME = AccentColor;
				ASSETCATALOG_COMPILER_WIDGET_BACKGROUND_COLOR_NAME = WidgetBackground;
				CODE_SIGN_STYLE = Automatic;
				CURRENT_PROJECT_VERSION = 1;
				DEVELOPMENT_TEAM = 448W6TL3PT;
				GENERATE_INFOPLIST_FILE = YES;
				INFOPLIST_FILE = ReportItWidgetExtension/Info.plist;
				INFOPLIST_KEY_CFBundleDisplayName = ReportItWidgetExtension;
				INFOPLIST_KEY_NSHumanReadableCopyright = "";
				LD_RUNPATH_SEARCH_PATHS = (
					"$(inherited)",
					"@executable_path/Frameworks",
					"@executable_path/../../Frameworks",
				);
				MARKETING_VERSION = 1.0;
				PRODUCT_BUNDLE_IDENTIFIER = com.dania.ReportIt.ReportItWidgetExtension;
				PRODUCT_NAME = "$(TARGET_NAME)";
				SKIP_INSTALL = YES;
				SWIFT_EMIT_LOC_STRINGS = YES;
				SWIFT_VERSION = 5.0;
				TARGETED_DEVICE_FAMILY = "1,2";
			};
			name = Debug;
		};
		E654210B2BD90D1F00EDADB4 /* Release */ = {
			isa = XCBuildConfiguration;
			buildSettings = {
				ASSETCATALOG_COMPILER_GLOBAL_ACCENT_COLOR_NAME = AccentColor;
				ASSETCATALOG_COMPILER_WIDGET_BACKGROUND_COLOR_NAME = WidgetBackground;
				CODE_SIGN_STYLE = Automatic;
				CURRENT_PROJECT_VERSION = 1;
				DEVELOPMENT_TEAM = 448W6TL3PT;
				GENERATE_INFOPLIST_FILE = YES;
				INFOPLIST_FILE = ReportItWidgetExtension/Info.plist;
				INFOPLIST_KEY_CFBundleDisplayName = ReportItWidgetExtension;
				INFOPLIST_KEY_NSHumanReadableCopyright = "";
				LD_RUNPATH_SEARCH_PATHS = (
					"$(inherited)",
					"@executable_path/Frameworks",
					"@executable_path/../../Frameworks",
				);
				MARKETING_VERSION = 1.0;
				PRODUCT_BUNDLE_IDENTIFIER = com.dania.ReportIt.ReportItWidgetExtension;
				PRODUCT_NAME = "$(TARGET_NAME)";
				SKIP_INSTALL = YES;
				SWIFT_EMIT_LOC_STRINGS = YES;
				SWIFT_VERSION = 5.0;
				TARGETED_DEVICE_FAMILY = "1,2";
			};
			name = Release;
		};
		E67D279E2BBF076A006E8CD4 /* Debug */ = {
			isa = XCBuildConfiguration;
			buildSettings = {
				ALWAYS_SEARCH_USER_PATHS = NO;
				ASSETCATALOG_COMPILER_GENERATE_SWIFT_ASSET_SYMBOL_EXTENSIONS = YES;
				CLANG_ANALYZER_NONNULL = YES;
				CLANG_ANALYZER_NUMBER_OBJECT_CONVERSION = YES_AGGRESSIVE;
				CLANG_CXX_LANGUAGE_STANDARD = "gnu++20";
				CLANG_ENABLE_MODULES = YES;
				CLANG_ENABLE_OBJC_ARC = YES;
				CLANG_ENABLE_OBJC_WEAK = YES;
				CLANG_WARN_BLOCK_CAPTURE_AUTORELEASING = YES;
				CLANG_WARN_BOOL_CONVERSION = YES;
				CLANG_WARN_COMMA = YES;
				CLANG_WARN_CONSTANT_CONVERSION = YES;
				CLANG_WARN_DEPRECATED_OBJC_IMPLEMENTATIONS = YES;
				CLANG_WARN_DIRECT_OBJC_ISA_USAGE = YES_ERROR;
				CLANG_WARN_DOCUMENTATION_COMMENTS = YES;
				CLANG_WARN_EMPTY_BODY = YES;
				CLANG_WARN_ENUM_CONVERSION = YES;
				CLANG_WARN_INFINITE_RECURSION = YES;
				CLANG_WARN_INT_CONVERSION = YES;
				CLANG_WARN_NON_LITERAL_NULL_CONVERSION = YES;
				CLANG_WARN_OBJC_IMPLICIT_RETAIN_SELF = YES;
				CLANG_WARN_OBJC_LITERAL_CONVERSION = YES;
				CLANG_WARN_OBJC_ROOT_CLASS = YES_ERROR;
				CLANG_WARN_QUOTED_INCLUDE_IN_FRAMEWORK_HEADER = YES;
				CLANG_WARN_RANGE_LOOP_ANALYSIS = YES;
				CLANG_WARN_STRICT_PROTOTYPES = YES;
				CLANG_WARN_SUSPICIOUS_MOVE = YES;
				CLANG_WARN_UNGUARDED_AVAILABILITY = YES_AGGRESSIVE;
				CLANG_WARN_UNREACHABLE_CODE = YES;
				CLANG_WARN__DUPLICATE_METHOD_MATCH = YES;
				COPY_PHASE_STRIP = NO;
				DEBUG_INFORMATION_FORMAT = dwarf;
				ENABLE_STRICT_OBJC_MSGSEND = YES;
				ENABLE_TESTABILITY = YES;
				ENABLE_USER_SCRIPT_SANDBOXING = YES;
				GCC_C_LANGUAGE_STANDARD = gnu17;
				GCC_DYNAMIC_NO_PIC = NO;
				GCC_NO_COMMON_BLOCKS = YES;
				GCC_OPTIMIZATION_LEVEL = 0;
				GCC_PREPROCESSOR_DEFINITIONS = (
					"DEBUG=1",
					"$(inherited)",
				);
				GCC_WARN_64_TO_32_BIT_CONVERSION = YES;
				GCC_WARN_ABOUT_RETURN_TYPE = YES_ERROR;
				GCC_WARN_UNDECLARED_SELECTOR = YES;
				GCC_WARN_UNINITIALIZED_AUTOS = YES_AGGRESSIVE;
				GCC_WARN_UNUSED_FUNCTION = YES;
				GCC_WARN_UNUSED_VARIABLE = YES;
				IPHONEOS_DEPLOYMENT_TARGET = 17.4;
				LOCALIZATION_PREFERS_STRING_CATALOGS = YES;
				MTL_ENABLE_DEBUG_INFO = INCLUDE_SOURCE;
				MTL_FAST_MATH = YES;
				ONLY_ACTIVE_ARCH = YES;
				SDKROOT = iphoneos;
				SWIFT_ACTIVE_COMPILATION_CONDITIONS = "DEBUG $(inherited)";
				SWIFT_OPTIMIZATION_LEVEL = "-Onone";
			};
			name = Debug;
		};
		E67D279F2BBF076A006E8CD4 /* Release */ = {
			isa = XCBuildConfiguration;
			buildSettings = {
				ALWAYS_SEARCH_USER_PATHS = NO;
				ASSETCATALOG_COMPILER_GENERATE_SWIFT_ASSET_SYMBOL_EXTENSIONS = YES;
				CLANG_ANALYZER_NONNULL = YES;
				CLANG_ANALYZER_NUMBER_OBJECT_CONVERSION = YES_AGGRESSIVE;
				CLANG_CXX_LANGUAGE_STANDARD = "gnu++20";
				CLANG_ENABLE_MODULES = YES;
				CLANG_ENABLE_OBJC_ARC = YES;
				CLANG_ENABLE_OBJC_WEAK = YES;
				CLANG_WARN_BLOCK_CAPTURE_AUTORELEASING = YES;
				CLANG_WARN_BOOL_CONVERSION = YES;
				CLANG_WARN_COMMA = YES;
				CLANG_WARN_CONSTANT_CONVERSION = YES;
				CLANG_WARN_DEPRECATED_OBJC_IMPLEMENTATIONS = YES;
				CLANG_WARN_DIRECT_OBJC_ISA_USAGE = YES_ERROR;
				CLANG_WARN_DOCUMENTATION_COMMENTS = YES;
				CLANG_WARN_EMPTY_BODY = YES;
				CLANG_WARN_ENUM_CONVERSION = YES;
				CLANG_WARN_INFINITE_RECURSION = YES;
				CLANG_WARN_INT_CONVERSION = YES;
				CLANG_WARN_NON_LITERAL_NULL_CONVERSION = YES;
				CLANG_WARN_OBJC_IMPLICIT_RETAIN_SELF = YES;
				CLANG_WARN_OBJC_LITERAL_CONVERSION = YES;
				CLANG_WARN_OBJC_ROOT_CLASS = YES_ERROR;
				CLANG_WARN_QUOTED_INCLUDE_IN_FRAMEWORK_HEADER = YES;
				CLANG_WARN_RANGE_LOOP_ANALYSIS = YES;
				CLANG_WARN_STRICT_PROTOTYPES = YES;
				CLANG_WARN_SUSPICIOUS_MOVE = YES;
				CLANG_WARN_UNGUARDED_AVAILABILITY = YES_AGGRESSIVE;
				CLANG_WARN_UNREACHABLE_CODE = YES;
				CLANG_WARN__DUPLICATE_METHOD_MATCH = YES;
				COPY_PHASE_STRIP = NO;
				DEBUG_INFORMATION_FORMAT = "dwarf-with-dsym";
				ENABLE_NS_ASSERTIONS = NO;
				ENABLE_STRICT_OBJC_MSGSEND = YES;
				ENABLE_USER_SCRIPT_SANDBOXING = YES;
				GCC_C_LANGUAGE_STANDARD = gnu17;
				GCC_NO_COMMON_BLOCKS = YES;
				GCC_WARN_64_TO_32_BIT_CONVERSION = YES;
				GCC_WARN_ABOUT_RETURN_TYPE = YES_ERROR;
				GCC_WARN_UNDECLARED_SELECTOR = YES;
				GCC_WARN_UNINITIALIZED_AUTOS = YES_AGGRESSIVE;
				GCC_WARN_UNUSED_FUNCTION = YES;
				GCC_WARN_UNUSED_VARIABLE = YES;
				IPHONEOS_DEPLOYMENT_TARGET = 17.4;
				LOCALIZATION_PREFERS_STRING_CATALOGS = YES;
				MTL_ENABLE_DEBUG_INFO = NO;
				MTL_FAST_MATH = YES;
				SDKROOT = iphoneos;
				SWIFT_COMPILATION_MODE = wholemodule;
				VALIDATE_PRODUCT = YES;
			};
			name = Release;
		};
		E67D27A12BBF076A006E8CD4 /* Debug */ = {
			isa = XCBuildConfiguration;
			buildSettings = {
				ALWAYS_EMBED_SWIFT_STANDARD_LIBRARIES = YES;
				ASSETCATALOG_COMPILER_APPICON_NAME = AppIcon;
				ASSETCATALOG_COMPILER_GLOBAL_ACCENT_COLOR_NAME = AccentColor;
				CODE_SIGN_STYLE = Automatic;
				CURRENT_PROJECT_VERSION = 1;
				DEVELOPMENT_ASSET_PATHS = "\"ReportIt/Preview Content\"";
				DEVELOPMENT_TEAM = 448W6TL3PT;
				ENABLE_PREVIEWS = YES;
				GENERATE_INFOPLIST_FILE = YES;
				INFOPLIST_KEY_UIApplicationSceneManifest_Generation = YES;
				INFOPLIST_KEY_UIApplicationSupportsIndirectInputEvents = YES;
				INFOPLIST_KEY_UILaunchScreen_Generation = YES;
				INFOPLIST_KEY_UISupportedInterfaceOrientations_iPad = "UIInterfaceOrientationPortrait UIInterfaceOrientationPortraitUpsideDown UIInterfaceOrientationLandscapeLeft UIInterfaceOrientationLandscapeRight";
				INFOPLIST_KEY_UISupportedInterfaceOrientations_iPhone = "UIInterfaceOrientationPortrait UIInterfaceOrientationLandscapeLeft UIInterfaceOrientationLandscapeRight";
				LD_RUNPATH_SEARCH_PATHS = (
					"$(inherited)",
					"@executable_path/Frameworks",
				);
				MARKETING_VERSION = 1.0;
				PRODUCT_BUNDLE_IDENTIFIER = com.dania.ReportIt;
				PRODUCT_NAME = "$(TARGET_NAME)";
				SWIFT_EMIT_LOC_STRINGS = YES;
				SWIFT_VERSION = 5.0;
				TARGETED_DEVICE_FAMILY = "1,2";
			};
			name = Debug;
		};
		E67D27A22BBF076A006E8CD4 /* Release */ = {
			isa = XCBuildConfiguration;
			buildSettings = {
				ALWAYS_EMBED_SWIFT_STANDARD_LIBRARIES = YES;
				ASSETCATALOG_COMPILER_APPICON_NAME = AppIcon;
				ASSETCATALOG_COMPILER_GLOBAL_ACCENT_COLOR_NAME = AccentColor;
				CODE_SIGN_STYLE = Automatic;
				CURRENT_PROJECT_VERSION = 1;
				DEVELOPMENT_ASSET_PATHS = "\"ReportIt/Preview Content\"";
				DEVELOPMENT_TEAM = 448W6TL3PT;
				ENABLE_PREVIEWS = YES;
				GENERATE_INFOPLIST_FILE = YES;
				INFOPLIST_KEY_UIApplicationSceneManifest_Generation = YES;
				INFOPLIST_KEY_UIApplicationSupportsIndirectInputEvents = YES;
				INFOPLIST_KEY_UILaunchScreen_Generation = YES;
				INFOPLIST_KEY_UISupportedInterfaceOrientations_iPad = "UIInterfaceOrientationPortrait UIInterfaceOrientationPortraitUpsideDown UIInterfaceOrientationLandscapeLeft UIInterfaceOrientationLandscapeRight";
				INFOPLIST_KEY_UISupportedInterfaceOrientations_iPhone = "UIInterfaceOrientationPortrait UIInterfaceOrientationLandscapeLeft UIInterfaceOrientationLandscapeRight";
				LD_RUNPATH_SEARCH_PATHS = (
					"$(inherited)",
					"@executable_path/Frameworks",
				);
				MARKETING_VERSION = 1.0;
				PRODUCT_BUNDLE_IDENTIFIER = com.dania.ReportIt;
				PRODUCT_NAME = "$(TARGET_NAME)";
				SWIFT_EMIT_LOC_STRINGS = YES;
				SWIFT_VERSION = 5.0;
				TARGETED_DEVICE_FAMILY = "1,2";
			};
			name = Release;
		};
/* End XCBuildConfiguration section */

/* Begin XCConfigurationList section */
		E65420E22BD8D0BF00EDADB4 /* Build configuration list for PBXNativeTarget "ReportItShareExtension" */ = {
			isa = XCConfigurationList;
			buildConfigurations = (
				E65420E32BD8D0BF00EDADB4 /* Debug */,
				E65420E42BD8D0BF00EDADB4 /* Release */,
			);
			defaultConfigurationIsVisible = 0;
			defaultConfigurationName = Release;
		};
		E65421092BD90D1F00EDADB4 /* Build configuration list for PBXNativeTarget "ReportItWidgetExtensionExtension" */ = {
			isa = XCConfigurationList;
			buildConfigurations = (
				E654210A2BD90D1F00EDADB4 /* Debug */,
				E654210B2BD90D1F00EDADB4 /* Release */,
			);
			defaultConfigurationIsVisible = 0;
			defaultConfigurationName = Release;
		};
		E67D278D2BBF0768006E8CD4 /* Build configuration list for PBXProject "ReportIt" */ = {
			isa = XCConfigurationList;
			buildConfigurations = (
				E67D279E2BBF076A006E8CD4 /* Debug */,
				E67D279F2BBF076A006E8CD4 /* Release */,
			);
			defaultConfigurationIsVisible = 0;
			defaultConfigurationName = Release;
		};
		E67D27A02BBF076A006E8CD4 /* Build configuration list for PBXNativeTarget "ReportIt" */ = {
			isa = XCConfigurationList;
			buildConfigurations = (
				E67D27A12BBF076A006E8CD4 /* Debug */,
				E67D27A22BBF076A006E8CD4 /* Release */,
			);
			defaultConfigurationIsVisible = 0;
			defaultConfigurationName = Release;
		};
/* End XCConfigurationList section */

/* Begin XCRemoteSwiftPackageReference section */
		E67D27AB2BBF159A006E8CD4 /* XCRemoteSwiftPackageReference "bug-api" */ = {
			isa = XCRemoteSwiftPackageReference;
			repositoryURL = "https://github.com/DaniaAlogla/bug-api.git";
			requirement = {
				branch = main;
				kind = branch;
			};
		};
/* End XCRemoteSwiftPackageReference section */

/* Begin XCSwiftPackageProductDependency section */
		E65420EA2BD8DEB100EDADB4 /* bug-api */ = {
			isa = XCSwiftPackageProductDependency;
			package = E67D27AB2BBF159A006E8CD4 /* XCRemoteSwiftPackageReference "bug-api" */;
			productName = "bug-api";
		};
		E67D27AC2BBF159A006E8CD4 /* bug-api */ = {
			isa = XCSwiftPackageProductDependency;
			package = E67D27AB2BBF159A006E8CD4 /* XCRemoteSwiftPackageReference "bug-api" */;
			productName = "bug-api";
		};
		E6E5B7BA2BD92EDC00A81587 /* bug-api */ = {
			isa = XCSwiftPackageProductDependency;
			package = E67D27AB2BBF159A006E8CD4 /* XCRemoteSwiftPackageReference "bug-api" */;
			productName = "bug-api";
		};
/* End XCSwiftPackageProductDependency section */

/* Begin XCVersionGroup section */
		E6E5B7C52BDA0DDC00A81587 /* BugsStore.xcdatamodeld */ = {
			isa = XCVersionGroup;
			children = (
				E6E5B7C62BDA0DDC00A81587 /* BugsStore.xcdatamodel */,
			);
			currentVersion = E6E5B7C62BDA0DDC00A81587 /* BugsStore.xcdatamodel */;
			name = BugsStore.xcdatamodeld;
			path = "/Users/daniaalogla/Desktop/Developer/ReportIt/ReportIt/Bugs Cache/BugsStore.xcdatamodeld";
			sourceTree = "<group>";
			versionGroupType = wrapper.xcdatamodel;
		};
/* End XCVersionGroup section */
	};
	rootObject = E67D278A2BBF0768006E8CD4 /* Project object */;
}
