// !$*UTF8*$!
{
	archiveVersion = 1;
	classes = {
	};
	objectVersion = 56;
	objects = {

/* Begin PBXBuildFile section */
		E67D27962BBF0768006E8CD4 /* ReportItApp.swift in Sources */ = {isa = PBXBuildFile; fileRef = E67D27952BBF0768006E8CD4 /* ReportItApp.swift */; };
		E67D27982BBF0768006E8CD4 /* ContentView.swift in Sources */ = {isa = PBXBuildFile; fileRef = E67D27972BBF0768006E8CD4 /* ContentView.swift */; };
		E67D279A2BBF076A006E8CD4 /* Assets.xcassets in Resources */ = {isa = PBXBuildFile; fileRef = E67D27992BBF076A006E8CD4 /* Assets.xcassets */; };
		E67D279D2BBF076A006E8CD4 /* Preview Assets.xcassets in Resources */ = {isa = PBXBuildFile; fileRef = E67D279C2BBF076A006E8CD4 /* Preview Assets.xcassets */; };
		E67D27A42BBF079B006E8CD4 /* WelcomingView.swift in Sources */ = {isa = PBXBuildFile; fileRef = E67D27A32BBF079B006E8CD4 /* WelcomingView.swift */; };
		E67D27A62BBF0858006E8CD4 /* BugSubmissionView.swift in Sources */ = {isa = PBXBuildFile; fileRef = E67D27A52BBF0858006E8CD4 /* BugSubmissionView.swift */; };
		E67D27A82BBF0A15006E8CD4 /* Bug.swift in Sources */ = {isa = PBXBuildFile; fileRef = E67D27A72BBF0A15006E8CD4 /* Bug.swift */; };
		E67D27AA2BBF0FA3006E8CD4 /* ImagePicker.swift in Sources */ = {isa = PBXBuildFile; fileRef = E67D27A92BBF0FA3006E8CD4 /* ImagePicker.swift */; };
		E67D27AD2BBF159A006E8CD4 /* bug-api in Frameworks */ = {isa = PBXBuildFile; productRef = E67D27AC2BBF159A006E8CD4 /* bug-api */; };
		E67D27B12BBF185D006E8CD4 /* GoogleService-Info.plist in Resources */ = {isa = PBXBuildFile; fileRef = E67D27B02BBF185D006E8CD4 /* GoogleService-Info.plist */; };
/* End PBXBuildFile section */

/* Begin PBXFileReference section */
		E67D27922BBF0768006E8CD4 /* ReportIt.app */ = {isa = PBXFileReference; explicitFileType = wrapper.application; includeInIndex = 0; path = ReportIt.app; sourceTree = BUILT_PRODUCTS_DIR; };
		E67D27952BBF0768006E8CD4 /* ReportItApp.swift */ = {isa = PBXFileReference; lastKnownFileType = sourcecode.swift; path = ReportItApp.swift; sourceTree = "<group>"; };
		E67D27972BBF0768006E8CD4 /* ContentView.swift */ = {isa = PBXFileReference; lastKnownFileType = sourcecode.swift; path = ContentView.swift; sourceTree = "<group>"; };
		E67D27992BBF076A006E8CD4 /* Assets.xcassets */ = {isa = PBXFileReference; lastKnownFileType = folder.assetcatalog; path = Assets.xcassets; sourceTree = "<group>"; };
		E67D279C2BBF076A006E8CD4 /* Preview Assets.xcassets */ = {isa = PBXFileReference; lastKnownFileType = folder.assetcatalog; path = "Preview Assets.xcassets"; sourceTree = "<group>"; };
		E67D27A32BBF079B006E8CD4 /* WelcomingView.swift */ = {isa = PBXFileReference; lastKnownFileType = sourcecode.swift; path = WelcomingView.swift; sourceTree = "<group>"; };
		E67D27A52BBF0858006E8CD4 /* BugSubmissionView.swift */ = {isa = PBXFileReference; lastKnownFileType = sourcecode.swift; path = BugSubmissionView.swift; sourceTree = "<group>"; };
		E67D27A72BBF0A15006E8CD4 /* Bug.swift */ = {isa = PBXFileReference; lastKnownFileType = sourcecode.swift; path = Bug.swift; sourceTree = "<group>"; };
		E67D27A92BBF0FA3006E8CD4 /* ImagePicker.swift */ = {isa = PBXFileReference; lastKnownFileType = sourcecode.swift; path = ImagePicker.swift; sourceTree = "<group>"; };
		E67D27B02BBF185D006E8CD4 /* GoogleService-Info.plist */ = {isa = PBXFileReference; fileEncoding = 4; lastKnownFileType = text.plist.xml; path = "GoogleService-Info.plist"; sourceTree = "<group>"; };
/* End PBXFileReference section */

/* Begin PBXFrameworksBuildPhase section */
		E67D278F2BBF0768006E8CD4 /* Frameworks */ = {
			isa = PBXFrameworksBuildPhase;
			buildActionMask = 2147483647;
			files = (
				E67D27AD2BBF159A006E8CD4 /* bug-api in Frameworks */,
			);
			runOnlyForDeploymentPostprocessing = 0;
		};
/* End PBXFrameworksBuildPhase section */

/* Begin PBXGroup section */
		E67D27892BBF0768006E8CD4 = {
			isa = PBXGroup;
			children = (
				E67D27942BBF0768006E8CD4 /* ReportIt */,
				E67D27932BBF0768006E8CD4 /* Products */,
			);
			sourceTree = "<group>";
		};
		E67D27932BBF0768006E8CD4 /* Products */ = {
			isa = PBXGroup;
			children = (
				E67D27922BBF0768006E8CD4 /* ReportIt.app */,
			);
			name = Products;
			sourceTree = "<group>";
		};
		E67D27942BBF0768006E8CD4 /* ReportIt */ = {
			isa = PBXGroup;
			children = (
				E67D27B02BBF185D006E8CD4 /* GoogleService-Info.plist */,
				E67D27952BBF0768006E8CD4 /* ReportItApp.swift */,
				E67D27972BBF0768006E8CD4 /* ContentView.swift */,
				E67D27A32BBF079B006E8CD4 /* WelcomingView.swift */,
				E67D27A52BBF0858006E8CD4 /* BugSubmissionView.swift */,
				E67D27A92BBF0FA3006E8CD4 /* ImagePicker.swift */,
				E67D27A72BBF0A15006E8CD4 /* Bug.swift */,
				E67D27992BBF076A006E8CD4 /* Assets.xcassets */,
				E67D279B2BBF076A006E8CD4 /* Preview Content */,
			);
			path = ReportIt;
			sourceTree = "<group>";
		};
		E67D279B2BBF076A006E8CD4 /* Preview Content */ = {
			isa = PBXGroup;
			children = (
				E67D279C2BBF076A006E8CD4 /* Preview Assets.xcassets */,
			);
			path = "Preview Content";
			sourceTree = "<group>";
		};
/* End PBXGroup section */

/* Begin PBXNativeTarget section */
		E67D27912BBF0768006E8CD4 /* ReportIt */ = {
			isa = PBXNativeTarget;
			buildConfigurationList = E67D27A02BBF076A006E8CD4 /* Build configuration list for PBXNativeTarget "ReportIt" */;
			buildPhases = (
				E67D278E2BBF0768006E8CD4 /* Sources */,
				E67D278F2BBF0768006E8CD4 /* Frameworks */,
				E67D27902BBF0768006E8CD4 /* Resources */,
			);
			buildRules = (
			);
			dependencies = (
			);
			name = ReportIt;
			packageProductDependencies = (
				E67D27AC2BBF159A006E8CD4 /* bug-api */,
			);
			productName = ReportIt;
			productReference = E67D27922BBF0768006E8CD4 /* ReportIt.app */;
			productType = "com.apple.product-type.application";
		};
/* End PBXNativeTarget section */

/* Begin PBXProject section */
		E67D278A2BBF0768006E8CD4 /* Project object */ = {
			isa = PBXProject;
			attributes = {
				BuildIndependentTargetsInParallel = 1;
				LastSwiftUpdateCheck = 1530;
				LastUpgradeCheck = 1530;
				TargetAttributes = {
					E67D27912BBF0768006E8CD4 = {
						CreatedOnToolsVersion = 15.3;
					};
				};
			};
			buildConfigurationList = E67D278D2BBF0768006E8CD4 /* Build configuration list for PBXProject "ReportIt" */;
			compatibilityVersion = "Xcode 14.0";
			developmentRegion = en;
			hasScannedForEncodings = 0;
			knownRegions = (
				en,
				Base,
			);
			mainGroup = E67D27892BBF0768006E8CD4;
			packageReferences = (
				E67D27AB2BBF159A006E8CD4 /* XCRemoteSwiftPackageReference "bug-api" */,
			);
			productRefGroup = E67D27932BBF0768006E8CD4 /* Products */;
			projectDirPath = "";
			projectRoot = "";
			targets = (
				E67D27912BBF0768006E8CD4 /* ReportIt */,
			);
		};
/* End PBXProject section */

/* Begin PBXResourcesBuildPhase section */
		E67D27902BBF0768006E8CD4 /* Resources */ = {
			isa = PBXResourcesBuildPhase;
			buildActionMask = 2147483647;
			files = (
				E67D279D2BBF076A006E8CD4 /* Preview Assets.xcassets in Resources */,
				E67D279A2BBF076A006E8CD4 /* Assets.xcassets in Resources */,
				E67D27B12BBF185D006E8CD4 /* GoogleService-Info.plist in Resources */,
			);
			runOnlyForDeploymentPostprocessing = 0;
		};
/* End PBXResourcesBuildPhase section */

/* Begin PBXSourcesBuildPhase section */
		E67D278E2BBF0768006E8CD4 /* Sources */ = {
			isa = PBXSourcesBuildPhase;
			buildActionMask = 2147483647;
			files = (
				E67D27A42BBF079B006E8CD4 /* WelcomingView.swift in Sources */,
				E67D27982BBF0768006E8CD4 /* ContentView.swift in Sources */,
				E67D27962BBF0768006E8CD4 /* ReportItApp.swift in Sources */,
				E67D27AA2BBF0FA3006E8CD4 /* ImagePicker.swift in Sources */,
				E67D27A62BBF0858006E8CD4 /* BugSubmissionView.swift in Sources */,
				E67D27A82BBF0A15006E8CD4 /* Bug.swift in Sources */,
			);
			runOnlyForDeploymentPostprocessing = 0;
		};
/* End PBXSourcesBuildPhase section */

/* Begin XCBuildConfiguration section */
		E67D279E2BBF076A006E8CD4 /* Debug */ = {
			isa = XCBuildConfiguration;
			buildSettings = {
				ALWAYS_SEARCH_USER_PATHS = NO;
				ASSETCATALOG_COMPILER_GENERATE_SWIFT_ASSET_SYMBOL_EXTENSIONS = YES;
				CLANG_ANALYZER_NONNULL = YES;
				CLANG_ANALYZER_NUMBER_OBJECT_CONVERSION = YES_AGGRESSIVE;
				CLANG_CXX_LANGUAGE_STANDARD = "gnu++20";
				CLANG_ENABLE_MODULES = YES;
				CLANG_ENABLE_OBJC_ARC = YES;
				CLANG_ENABLE_OBJC_WEAK = YES;
				CLANG_WARN_BLOCK_CAPTURE_AUTORELEASING = YES;
				CLANG_WARN_BOOL_CONVERSION = YES;
				CLANG_WARN_COMMA = YES;
				CLANG_WARN_CONSTANT_CONVERSION = YES;
				CLANG_WARN_DEPRECATED_OBJC_IMPLEMENTATIONS = YES;
				CLANG_WARN_DIRECT_OBJC_ISA_USAGE = YES_ERROR;
				CLANG_WARN_DOCUMENTATION_COMMENTS = YES;
				CLANG_WARN_EMPTY_BODY = YES;
				CLANG_WARN_ENUM_CONVERSION = YES;
				CLANG_WARN_INFINITE_RECURSION = YES;
				CLANG_WARN_INT_CONVERSION = YES;
				CLANG_WARN_NON_LITERAL_NULL_CONVERSION = YES;
				CLANG_WARN_OBJC_IMPLICIT_RETAIN_SELF = YES;
				CLANG_WARN_OBJC_LITERAL_CONVERSION = YES;
				CLANG_WARN_OBJC_ROOT_CLASS = YES_ERROR;
				CLANG_WARN_QUOTED_INCLUDE_IN_FRAMEWORK_HEADER = YES;
				CLANG_WARN_RANGE_LOOP_ANALYSIS = YES;
				CLANG_WARN_STRICT_PROTOTYPES = YES;
				CLANG_WARN_SUSPICIOUS_MOVE = YES;
				CLANG_WARN_UNGUARDED_AVAILABILITY = YES_AGGRESSIVE;
				CLANG_WARN_UNREACHABLE_CODE = YES;
				CLANG_WARN__DUPLICATE_METHOD_MATCH = YES;
				COPY_PHASE_STRIP = NO;
				DEBUG_INFORMATION_FORMAT = dwarf;
				ENABLE_STRICT_OBJC_MSGSEND = YES;
				ENABLE_TESTABILITY = YES;
				ENABLE_USER_SCRIPT_SANDBOXING = YES;
				GCC_C_LANGUAGE_STANDARD = gnu17;
				GCC_DYNAMIC_NO_PIC = NO;
				GCC_NO_COMMON_BLOCKS = YES;
				GCC_OPTIMIZATION_LEVEL = 0;
				GCC_PREPROCESSOR_DEFINITIONS = (
					"DEBUG=1",
					"$(inherited)",
				);
				GCC_WARN_64_TO_32_BIT_CONVERSION = YES;
				GCC_WARN_ABOUT_RETURN_TYPE = YES_ERROR;
				GCC_WARN_UNDECLARED_SELECTOR = YES;
				GCC_WARN_UNINITIALIZED_AUTOS = YES_AGGRESSIVE;
				GCC_WARN_UNUSED_FUNCTION = YES;
				GCC_WARN_UNUSED_VARIABLE = YES;
				IPHONEOS_DEPLOYMENT_TARGET = 17.4;
				LOCALIZATION_PREFERS_STRING_CATALOGS = YES;
				MTL_ENABLE_DEBUG_INFO = INCLUDE_SOURCE;
				MTL_FAST_MATH = YES;
				ONLY_ACTIVE_ARCH = YES;
				SDKROOT = iphoneos;
				SWIFT_ACTIVE_COMPILATION_CONDITIONS = "DEBUG $(inherited)";
				SWIFT_OPTIMIZATION_LEVEL = "-Onone";
			};
			name = Debug;
		};
		E67D279F2BBF076A006E8CD4 /* Release */ = {
			isa = XCBuildConfiguration;
			buildSettings = {
				ALWAYS_SEARCH_USER_PATHS = NO;
				ASSETCATALOG_COMPILER_GENERATE_SWIFT_ASSET_SYMBOL_EXTENSIONS = YES;
				CLANG_ANALYZER_NONNULL = YES;
				CLANG_ANALYZER_NUMBER_OBJECT_CONVERSION = YES_AGGRESSIVE;
				CLANG_CXX_LANGUAGE_STANDARD = "gnu++20";
				CLANG_ENABLE_MODULES = YES;
				CLANG_ENABLE_OBJC_ARC = YES;
				CLANG_ENABLE_OBJC_WEAK = YES;
				CLANG_WARN_BLOCK_CAPTURE_AUTORELEASING = YES;
				CLANG_WARN_BOOL_CONVERSION = YES;
				CLANG_WARN_COMMA = YES;
				CLANG_WARN_CONSTANT_CONVERSION = YES;
				CLANG_WARN_DEPRECATED_OBJC_IMPLEMENTATIONS = YES;
				CLANG_WARN_DIRECT_OBJC_ISA_USAGE = YES_ERROR;
				CLANG_WARN_DOCUMENTATION_COMMENTS = YES;
				CLANG_WARN_EMPTY_BODY = YES;
				CLANG_WARN_ENUM_CONVERSION = YES;
				CLANG_WARN_INFINITE_RECURSION = YES;
				CLANG_WARN_INT_CONVERSION = YES;
				CLANG_WARN_NON_LITERAL_NULL_CONVERSION = YES;
				CLANG_WARN_OBJC_IMPLICIT_RETAIN_SELF = YES;
				CLANG_WARN_OBJC_LITERAL_CONVERSION = YES;
				CLANG_WARN_OBJC_ROOT_CLASS = YES_ERROR;
				CLANG_WARN_QUOTED_INCLUDE_IN_FRAMEWORK_HEADER = YES;
				CLANG_WARN_RANGE_LOOP_ANALYSIS = YES;
				CLANG_WARN_STRICT_PROTOTYPES = YES;
				CLANG_WARN_SUSPICIOUS_MOVE = YES;
				CLANG_WARN_UNGUARDED_AVAILABILITY = YES_AGGRESSIVE;
				CLANG_WARN_UNREACHABLE_CODE = YES;
				CLANG_WARN__DUPLICATE_METHOD_MATCH = YES;
				COPY_PHASE_STRIP = NO;
				DEBUG_INFORMATION_FORMAT = "dwarf-with-dsym";
				ENABLE_NS_ASSERTIONS = NO;
				ENABLE_STRICT_OBJC_MSGSEND = YES;
				ENABLE_USER_SCRIPT_SANDBOXING = YES;
				GCC_C_LANGUAGE_STANDARD = gnu17;
				GCC_NO_COMMON_BLOCKS = YES;
				GCC_WARN_64_TO_32_BIT_CONVERSION = YES;
				GCC_WARN_ABOUT_RETURN_TYPE = YES_ERROR;
				GCC_WARN_UNDECLARED_SELECTOR = YES;
				GCC_WARN_UNINITIALIZED_AUTOS = YES_AGGRESSIVE;
				GCC_WARN_UNUSED_FUNCTION = YES;
				GCC_WARN_UNUSED_VARIABLE = YES;
				IPHONEOS_DEPLOYMENT_TARGET = 17.4;
				LOCALIZATION_PREFERS_STRING_CATALOGS = YES;
				MTL_ENABLE_DEBUG_INFO = NO;
				MTL_FAST_MATH = YES;
				SDKROOT = iphoneos;
				SWIFT_COMPILATION_MODE = wholemodule;
				VALIDATE_PRODUCT = YES;
			};
			name = Release;
		};
		E67D27A12BBF076A006E8CD4 /* Debug */ = {
			isa = XCBuildConfiguration;
			buildSettings = {
				ASSETCATALOG_COMPILER_APPICON_NAME = AppIcon;
				ASSETCATALOG_COMPILER_GLOBAL_ACCENT_COLOR_NAME = AccentColor;
				CODE_SIGN_STYLE = Automatic;
				CURRENT_PROJECT_VERSION = 1;
				DEVELOPMENT_ASSET_PATHS = "\"ReportIt/Preview Content\"";
				DEVELOPMENT_TEAM = 448W6TL3PT;
				ENABLE_PREVIEWS = YES;
				GENERATE_INFOPLIST_FILE = YES;
				INFOPLIST_KEY_UIApplicationSceneManifest_Generation = YES;
				INFOPLIST_KEY_UIApplicationSupportsIndirectInputEvents = YES;
				INFOPLIST_KEY_UILaunchScreen_Generation = YES;
				INFOPLIST_KEY_UISupportedInterfaceOrientations_iPad = "UIInterfaceOrientationPortrait UIInterfaceOrientationPortraitUpsideDown UIInterfaceOrientationLandscapeLeft UIInterfaceOrientationLandscapeRight";
				INFOPLIST_KEY_UISupportedInterfaceOrientations_iPhone = "UIInterfaceOrientationPortrait UIInterfaceOrientationLandscapeLeft UIInterfaceOrientationLandscapeRight";
				LD_RUNPATH_SEARCH_PATHS = (
					"$(inherited)",
					"@executable_path/Frameworks",
				);
				MARKETING_VERSION = 1.0;
				PRODUCT_BUNDLE_IDENTIFIER = com.dania.ReportIt;
				PRODUCT_NAME = "$(TARGET_NAME)";
				SWIFT_EMIT_LOC_STRINGS = YES;
				SWIFT_VERSION = 5.0;
				TARGETED_DEVICE_FAMILY = "1,2";
			};
			name = Debug;
		};
		E67D27A22BBF076A006E8CD4 /* Release */ = {
			isa = XCBuildConfiguration;
			buildSettings = {
				ASSETCATALOG_COMPILER_APPICON_NAME = AppIcon;
				ASSETCATALOG_COMPILER_GLOBAL_ACCENT_COLOR_NAME = AccentColor;
				CODE_SIGN_STYLE = Automatic;
				CURRENT_PROJECT_VERSION = 1;
				DEVELOPMENT_ASSET_PATHS = "\"ReportIt/Preview Content\"";
				DEVELOPMENT_TEAM = 448W6TL3PT;
				ENABLE_PREVIEWS = YES;
				GENERATE_INFOPLIST_FILE = YES;
				INFOPLIST_KEY_UIApplicationSceneManifest_Generation = YES;
				INFOPLIST_KEY_UIApplicationSupportsIndirectInputEvents = YES;
				INFOPLIST_KEY_UILaunchScreen_Generation = YES;
				INFOPLIST_KEY_UISupportedInterfaceOrientations_iPad = "UIInterfaceOrientationPortrait UIInterfaceOrientationPortraitUpsideDown UIInterfaceOrientationLandscapeLeft UIInterfaceOrientationLandscapeRight";
				INFOPLIST_KEY_UISupportedInterfaceOrientations_iPhone = "UIInterfaceOrientationPortrait UIInterfaceOrientationLandscapeLeft UIInterfaceOrientationLandscapeRight";
				LD_RUNPATH_SEARCH_PATHS = (
					"$(inherited)",
					"@executable_path/Frameworks",
				);
				MARKETING_VERSION = 1.0;
				PRODUCT_BUNDLE_IDENTIFIER = com.dania.ReportIt;
				PRODUCT_NAME = "$(TARGET_NAME)";
				SWIFT_EMIT_LOC_STRINGS = YES;
				SWIFT_VERSION = 5.0;
				TARGETED_DEVICE_FAMILY = "1,2";
			};
			name = Release;
		};
/* End XCBuildConfiguration section */

/* Begin XCConfigurationList section */
		E67D278D2BBF0768006E8CD4 /* Build configuration list for PBXProject "ReportIt" */ = {
			isa = XCConfigurationList;
			buildConfigurations = (
				E67D279E2BBF076A006E8CD4 /* Debug */,
				E67D279F2BBF076A006E8CD4 /* Release */,
			);
			defaultConfigurationIsVisible = 0;
			defaultConfigurationName = Release;
		};
		E67D27A02BBF076A006E8CD4 /* Build configuration list for PBXNativeTarget "ReportIt" */ = {
			isa = XCConfigurationList;
			buildConfigurations = (
				E67D27A12BBF076A006E8CD4 /* Debug */,
				E67D27A22BBF076A006E8CD4 /* Release */,
			);
			defaultConfigurationIsVisible = 0;
			defaultConfigurationName = Release;
		};
/* End XCConfigurationList section */

/* Begin XCRemoteSwiftPackageReference section */
		E67D27AB2BBF159A006E8CD4 /* XCRemoteSwiftPackageReference "bug-api" */ = {
			isa = XCRemoteSwiftPackageReference;
			repositoryURL = "https://github.com/DaniaAlogla/bug-api.git";
			requirement = {
				branch = main;
				kind = branch;
			};
		};
/* End XCRemoteSwiftPackageReference section */

/* Begin XCSwiftPackageProductDependency section */
		E67D27AC2BBF159A006E8CD4 /* bug-api */ = {
			isa = XCSwiftPackageProductDependency;
			package = E67D27AB2BBF159A006E8CD4 /* XCRemoteSwiftPackageReference "bug-api" */;
			productName = "bug-api";
		};
/* End XCSwiftPackageProductDependency section */
	};
	rootObject = E67D278A2BBF0768006E8CD4 /* Project object */;
}
